
Microsoft Visual Studio Solution File, Format Version 12.00
# Visual Studio Version 16
VisualStudioVersion = 16.0.30225.117
MinimumVisualStudioVersion = 10.0.40219.1
Project("{9A19103F-16F7-4668-BE54-9A1E7A4F7556}") = "GestContact", "GestContact\GestContact.csproj", "{DDD9F350-022C-4A0B-AFD1-164A2CC12540}"
EndProject
Project("{9A19103F-16F7-4668-BE54-9A1E7A4F7556}") = "GestContact.ViewModels", "GestContact.ViewModels\GestContact.ViewModels.csproj", "{A63EDE07-789C-48EE-8C0C-FBF0008E3676}"
EndProject
Project("{9A19103F-16F7-4668-BE54-9A1E7A4F7556}") = "GestContact.Models", "GestContact.Models\GestContact.Models.csproj", "{7CA038B1-4274-4398-83BC-79069F77D477}"
EndProject
Project("{9A19103F-16F7-4668-BE54-9A1E7A4F7556}") = "Tools.Patterns.MVVM", "Tools.Patterns.MVVM\Tools.Patterns.MVVM.csproj", "{AF515A8D-E7BA-418B-9836-73DFED38C327}"
EndProject
Project("{9A19103F-16F7-4668-BE54-9A1E7A4F7556}") = "Tools.Patterns", "Tools.Patterns\Tools.Patterns.csproj", "{A961C1B9-C7A8-41D7-8810-534509555C9A}"
EndProject
Project("{2150E333-8FDC-42A3-9474-1A3956D46DE8}") = "Tools", "Tools", "{7D81DA32-B12A-40A9-AE29-BEE2191B9809}"
EndProject
Project("{2150E333-8FDC-42A3-9474-1A3956D46DE8}") = "UI", "UI", "{20D37A16-56CF-458F-8305-12501AD62543}"
EndProject
Project("{2150E333-8FDC-42A3-9474-1A3956D46DE8}") = "WPF", "WPF", "{B50AC865-D93D-48D0-B617-7338DF4EE1DA}"
EndProject
Project("{2150E333-8FDC-42A3-9474-1A3956D46DE8}") = "MVC", "MVC", "{91B893EB-00ED-4704-88E9-25655FDF3813}"
EndProject
Project("{2150E333-8FDC-42A3-9474-1A3956D46DE8}") = "Models", "Models", "{DC1F9F9D-C198-457D-8391-50E937D7FCDB}"
EndProject
Project("{2150E333-8FDC-42A3-9474-1A3956D46DE8}") = "Api", "Api", "{75F055B5-D9C7-472B-B2B4-B99BDF40ACE5}"
EndProject
Project("{9A19103F-16F7-4668-BE54-9A1E7A4F7556}") = "GestContact.Api", "GestContact.Api\GestContact.Api.csproj", "{031C3151-C44A-40B7-8316-8D2D9E6BC488}"
EndProject
Project("{9A19103F-16F7-4668-BE54-9A1E7A4F7556}") = "Tools.Database", "Tools.Database\Tools.Database.csproj", "{5D188EBD-2E43-40AE-AC07-5291793CD738}"
EndProject
Project("{2150E333-8FDC-42A3-9474-1A3956D46DE8}") = "Database", "Database", "{5ED37079-6BAF-43CF-B0D5-F94BEBD26D0B}"
EndProject
Project("{00D1A9C2-B5F0-4AF3-8072-F6C62B433612}") = "GestContact.Database", "GestContact.Database\GestContact.Database.sqlproj", "{A3BB4284-C3FB-40AB-B21D-AED56945B764}"
EndProject
Project("{2150E333-8FDC-42A3-9474-1A3956D46DE8}") = "Global", "Global", "{D183F8E1-F43C-45E3-A9E8-FD78574C06B8}"
EndProject
Project("{9A19103F-16F7-4668-BE54-9A1E7A4F7556}") = "GestContact.Api.Models.Services", "GestContact.Api.Models.Services\GestContact.Api.Models.Services.csproj", "{AE309303-167E-4BED-AFDA-1F3DBB5B55A0}"
EndProject
Project("{9A19103F-16F7-4668-BE54-9A1E7A4F7556}") = "GestContact.Interfaces", "GestContact.Interfaces\GestContact.Interfaces.csproj", "{8B8FE5A0-BD04-4B22-9475-BB5B4FEE1B77}"
EndProject
Project("{2150E333-8FDC-42A3-9474-1A3956D46DE8}") = "Common", "Common", "{00044E2D-3182-420E-B2B6-E94B5E77F20B}"
EndProject
Project("{9A19103F-16F7-4668-BE54-9A1E7A4F7556}") = "GestContact.UI.Models.Client", "GestContact.UI.Models.Client\GestContact.UI.Models.Client.csproj", "{EF8FD648-DE29-4A98-B41D-CA1E96C4FD3D}"
EndProject
Project("{9A19103F-16F7-4668-BE54-9A1E7A4F7556}") = "Tools.Api", "Tools.Api\Tools.Api.csproj", "{362B8BA4-4538-4A71-BB95-0C57C4F70A19}"
EndProject
Project("{2150E333-8FDC-42A3-9474-1A3956D46DE8}") = "Client", "Client", "{51E638E2-9AA0-49FC-BD35-AEFE35537874}"
EndProject
Project("{9A19103F-16F7-4668-BE54-9A1E7A4F7556}") = "GestContact.UI.Models.Services", "GestContact.UI.Models.Services\GestContact.UI.Models.Services.csproj", "{3D9EAF8A-57FE-45B5-BD86-7B0020AE292C}"
EndProject
Project("{FAE04EC0-301F-11D3-BF4B-00C04F79EFBC}") = "GestContact.Mvd", "GestContact.Mvd\GestContact.Mvd.csproj", "{374DA3BF-8D1F-4F47-9A01-8DEB2138EF63}"
EndProject
Global
	GlobalSection(SolutionConfigurationPlatforms) = preSolution
		Debug|Any CPU = Debug|Any CPU
		Release|Any CPU = Release|Any CPU
	EndGlobalSection
	GlobalSection(ProjectConfigurationPlatforms) = postSolution
		{DDD9F350-022C-4A0B-AFD1-164A2CC12540}.Debug|Any CPU.ActiveCfg = Debug|Any CPU
		{DDD9F350-022C-4A0B-AFD1-164A2CC12540}.Debug|Any CPU.Build.0 = Debug|Any CPU
		{DDD9F350-022C-4A0B-AFD1-164A2CC12540}.Release|Any CPU.ActiveCfg = Release|Any CPU
		{DDD9F350-022C-4A0B-AFD1-164A2CC12540}.Release|Any CPU.Build.0 = Release|Any CPU
		{A63EDE07-789C-48EE-8C0C-FBF0008E3676}.Debug|Any CPU.ActiveCfg = Debug|Any CPU
		{A63EDE07-789C-48EE-8C0C-FBF0008E3676}.Debug|Any CPU.Build.0 = Debug|Any CPU
		{A63EDE07-789C-48EE-8C0C-FBF0008E3676}.Release|Any CPU.ActiveCfg = Release|Any CPU
		{A63EDE07-789C-48EE-8C0C-FBF0008E3676}.Release|Any CPU.Build.0 = Release|Any CPU
		{7CA038B1-4274-4398-83BC-79069F77D477}.Debug|Any CPU.ActiveCfg = Debug|Any CPU
		{7CA038B1-4274-4398-83BC-79069F77D477}.Debug|Any CPU.Build.0 = Debug|Any CPU
		{7CA038B1-4274-4398-83BC-79069F77D477}.Release|Any CPU.ActiveCfg = Release|Any CPU
		{7CA038B1-4274-4398-83BC-79069F77D477}.Release|Any CPU.Build.0 = Release|Any CPU
		{AF515A8D-E7BA-418B-9836-73DFED38C327}.Debug|Any CPU.ActiveCfg = Debug|Any CPU
		{AF515A8D-E7BA-418B-9836-73DFED38C327}.Debug|Any CPU.Build.0 = Debug|Any CPU
		{AF515A8D-E7BA-418B-9836-73DFED38C327}.Release|Any CPU.ActiveCfg = Release|Any CPU
		{AF515A8D-E7BA-418B-9836-73DFED38C327}.Release|Any CPU.Build.0 = Release|Any CPU
		{A961C1B9-C7A8-41D7-8810-534509555C9A}.Debug|Any CPU.ActiveCfg = Debug|Any CPU
		{A961C1B9-C7A8-41D7-8810-534509555C9A}.Debug|Any CPU.Build.0 = Debug|Any CPU
		{A961C1B9-C7A8-41D7-8810-534509555C9A}.Release|Any CPU.ActiveCfg = Release|Any CPU
		{A961C1B9-C7A8-41D7-8810-534509555C9A}.Release|Any CPU.Build.0 = Release|Any CPU
		{031C3151-C44A-40B7-8316-8D2D9E6BC488}.Debug|Any CPU.ActiveCfg = Debug|Any CPU
		{031C3151-C44A-40B7-8316-8D2D9E6BC488}.Debug|Any CPU.Build.0 = Debug|Any CPU
		{031C3151-C44A-40B7-8316-8D2D9E6BC488}.Release|Any CPU.ActiveCfg = Release|Any CPU
		{031C3151-C44A-40B7-8316-8D2D9E6BC488}.Release|Any CPU.Build.0 = Release|Any CPU
		{5D188EBD-2E43-40AE-AC07-5291793CD738}.Debug|Any CPU.ActiveCfg = Debug|Any CPU
		{5D188EBD-2E43-40AE-AC07-5291793CD738}.Debug|Any CPU.Build.0 = Debug|Any CPU
		{5D188EBD-2E43-40AE-AC07-5291793CD738}.Release|Any CPU.ActiveCfg = Release|Any CPU
		{5D188EBD-2E43-40AE-AC07-5291793CD738}.Release|Any CPU.Build.0 = Release|Any CPU
		{A3BB4284-C3FB-40AB-B21D-AED56945B764}.Debug|Any CPU.ActiveCfg = Debug|Any CPU
		{A3BB4284-C3FB-40AB-B21D-AED56945B764}.Debug|Any CPU.Build.0 = Debug|Any CPU
		{A3BB4284-C3FB-40AB-B21D-AED56945B764}.Debug|Any CPU.Deploy.0 = Debug|Any CPU
		{A3BB4284-C3FB-40AB-B21D-AED56945B764}.Release|Any CPU.ActiveCfg = Release|Any CPU
		{A3BB4284-C3FB-40AB-B21D-AED56945B764}.Release|Any CPU.Build.0 = Release|Any CPU
		{A3BB4284-C3FB-40AB-B21D-AED56945B764}.Release|Any CPU.Deploy.0 = Release|Any CPU
		{AE309303-167E-4BED-AFDA-1F3DBB5B55A0}.Debug|Any CPU.ActiveCfg = Debug|Any CPU
		{AE309303-167E-4BED-AFDA-1F3DBB5B55A0}.Debug|Any CPU.Build.0 = Debug|Any CPU
		{AE309303-167E-4BED-AFDA-1F3DBB5B55A0}.Release|Any CPU.ActiveCfg = Release|Any CPU
		{AE309303-167E-4BED-AFDA-1F3DBB5B55A0}.Release|Any CPU.Build.0 = Release|Any CPU
		{8B8FE5A0-BD04-4B22-9475-BB5B4FEE1B77}.Debug|Any CPU.ActiveCfg = Debug|Any CPU
		{8B8FE5A0-BD04-4B22-9475-BB5B4FEE1B77}.Debug|Any CPU.Build.0 = Debug|Any CPU
		{8B8FE5A0-BD04-4B22-9475-BB5B4FEE1B77}.Release|Any CPU.ActiveCfg = Release|Any CPU
		{8B8FE5A0-BD04-4B22-9475-BB5B4FEE1B77}.Release|Any CPU.Build.0 = Release|Any CPU
		{EF8FD648-DE29-4A98-B41D-CA1E96C4FD3D}.Debug|Any CPU.ActiveCfg = Debug|Any CPU
		{EF8FD648-DE29-4A98-B41D-CA1E96C4FD3D}.Debug|Any CPU.Build.0 = Debug|Any CPU
		{EF8FD648-DE29-4A98-B41D-CA1E96C4FD3D}.Release|Any CPU.ActiveCfg = Release|Any CPU
		{EF8FD648-DE29-4A98-B41D-CA1E96C4FD3D}.Release|Any CPU.Build.0 = Release|Any CPU
		{362B8BA4-4538-4A71-BB95-0C57C4F70A19}.Debug|Any CPU.ActiveCfg = Debug|Any CPU
		{362B8BA4-4538-4A71-BB95-0C57C4F70A19}.Debug|Any CPU.Build.0 = Debug|Any CPU
		{362B8BA4-4538-4A71-BB95-0C57C4F70A19}.Release|Any CPU.ActiveCfg = Release|Any CPU
		{362B8BA4-4538-4A71-BB95-0C57C4F70A19}.Release|Any CPU.Build.0 = Release|Any CPU
		{3D9EAF8A-57FE-45B5-BD86-7B0020AE292C}.Debug|Any CPU.ActiveCfg = Debug|Any CPU
		{3D9EAF8A-57FE-45B5-BD86-7B0020AE292C}.Debug|Any CPU.Build.0 = Debug|Any CPU
		{3D9EAF8A-57FE-45B5-BD86-7B0020AE292C}.Release|Any CPU.ActiveCfg = Release|Any CPU
		{3D9EAF8A-57FE-45B5-BD86-7B0020AE292C}.Release|Any CPU.Build.0 = Release|Any CPU
		{374DA3BF-8D1F-4F47-9A01-8DEB2138EF63}.Debug|Any CPU.ActiveCfg = Debug|Any CPU
		{374DA3BF-8D1F-4F47-9A01-8DEB2138EF63}.Debug|Any CPU.Build.0 = Debug|Any CPU
		{374DA3BF-8D1F-4F47-9A01-8DEB2138EF63}.Release|Any CPU.ActiveCfg = Release|Any CPU
		{374DA3BF-8D1F-4F47-9A01-8DEB2138EF63}.Release|Any CPU.Build.0 = Release|Any CPU
	EndGlobalSection
	GlobalSection(SolutionProperties) = preSolution
		HideSolutionNode = FALSE
	EndGlobalSection
	GlobalSection(NestedProjects) = preSolution
		{DDD9F350-022C-4A0B-AFD1-164A2CC12540} = {B50AC865-D93D-48D0-B617-7338DF4EE1DA}
		{A63EDE07-789C-48EE-8C0C-FBF0008E3676} = {B50AC865-D93D-48D0-B617-7338DF4EE1DA}
		{7CA038B1-4274-4398-83BC-79069F77D477} = {00044E2D-3182-420E-B2B6-E94B5E77F20B}
		{AF515A8D-E7BA-418B-9836-73DFED38C327} = {7D81DA32-B12A-40A9-AE29-BEE2191B9809}
		{A961C1B9-C7A8-41D7-8810-534509555C9A} = {7D81DA32-B12A-40A9-AE29-BEE2191B9809}
		{B50AC865-D93D-48D0-B617-7338DF4EE1DA} = {20D37A16-56CF-458F-8305-12501AD62543}
		{91B893EB-00ED-4704-88E9-25655FDF3813} = {20D37A16-56CF-458F-8305-12501AD62543}
		{031C3151-C44A-40B7-8316-8D2D9E6BC488} = {75F055B5-D9C7-472B-B2B4-B99BDF40ACE5}
		{5D188EBD-2E43-40AE-AC07-5291793CD738} = {7D81DA32-B12A-40A9-AE29-BEE2191B9809}
		{A3BB4284-C3FB-40AB-B21D-AED56945B764} = {5ED37079-6BAF-43CF-B0D5-F94BEBD26D0B}
		{D183F8E1-F43C-45E3-A9E8-FD78574C06B8} = {DC1F9F9D-C198-457D-8391-50E937D7FCDB}
		{AE309303-167E-4BED-AFDA-1F3DBB5B55A0} = {D183F8E1-F43C-45E3-A9E8-FD78574C06B8}
		{8B8FE5A0-BD04-4B22-9475-BB5B4FEE1B77} = {DC1F9F9D-C198-457D-8391-50E937D7FCDB}
		{00044E2D-3182-420E-B2B6-E94B5E77F20B} = {DC1F9F9D-C198-457D-8391-50E937D7FCDB}
		{EF8FD648-DE29-4A98-B41D-CA1E96C4FD3D} = {51E638E2-9AA0-49FC-BD35-AEFE35537874}
		{362B8BA4-4538-4A71-BB95-0C57C4F70A19} = {7D81DA32-B12A-40A9-AE29-BEE2191B9809}
		{51E638E2-9AA0-49FC-BD35-AEFE35537874} = {DC1F9F9D-C198-457D-8391-50E937D7FCDB}
		{3D9EAF8A-57FE-45B5-BD86-7B0020AE292C} = {D183F8E1-F43C-45E3-A9E8-FD78574C06B8}
		{374DA3BF-8D1F-4F47-9A01-8DEB2138EF63} = {91B893EB-00ED-4704-88E9-25655FDF3813}
	EndGlobalSection
	GlobalSection(ExtensibilityGlobals) = postSolution
		SolutionGuid = {D859C882-7792-4F2C-B1E1-85445D1E1D43}
	EndGlobalSection
EndGlobal
